// !$*UTF8*$!
{
	archiveVersion = 1;
	classes = {
	};
	objectVersion = 46;
	objects = {

/* Begin PBXBuildFile section */
		20C66A0E9094F29A2C42B0B3 /* Pods_ZuJianHuaTest2_Example.framework in Frameworks */ = {isa = PBXBuildFile; fileRef = 5C5A4A2055F05F4E6F004DEF /* Pods_ZuJianHuaTest2_Example.framework */; };
		6003F58E195388D20070C39A /* Foundation.framework in Frameworks */ = {isa = PBXBuildFile; fileRef = 6003F58D195388D20070C39A /* Foundation.framework */; };
		6003F590195388D20070C39A /* CoreGraphics.framework in Frameworks */ = {isa = PBXBuildFile; fileRef = 6003F58F195388D20070C39A /* CoreGraphics.framework */; };
		6003F592195388D20070C39A /* UIKit.framework in Frameworks */ = {isa = PBXBuildFile; fileRef = 6003F591195388D20070C39A /* UIKit.framework */; };
		6003F598195388D20070C39A /* InfoPlist.strings in Resources */ = {isa = PBXBuildFile; fileRef = 6003F596195388D20070C39A /* InfoPlist.strings */; };
		6003F59A195388D20070C39A /* main.m in Sources */ = {isa = PBXBuildFile; fileRef = 6003F599195388D20070C39A /* main.m */; };
		6003F59E195388D20070C39A /* ZLJAppDelegate.m in Sources */ = {isa = PBXBuildFile; fileRef = 6003F59D195388D20070C39A /* ZLJAppDelegate.m */; };
		6003F5A7195388D20070C39A /* ZLJViewController.m in Sources */ = {isa = PBXBuildFile; fileRef = 6003F5A6195388D20070C39A /* ZLJViewController.m */; };
		6003F5A9195388D20070C39A /* Images.xcassets in Resources */ = {isa = PBXBuildFile; fileRef = 6003F5A8195388D20070C39A /* Images.xcassets */; };
		6003F5B0195388D20070C39A /* XCTest.framework in Frameworks */ = {isa = PBXBuildFile; fileRef = 6003F5AF195388D20070C39A /* XCTest.framework */; };
		6003F5B1195388D20070C39A /* Foundation.framework in Frameworks */ = {isa = PBXBuildFile; fileRef = 6003F58D195388D20070C39A /* Foundation.framework */; };
		6003F5B2195388D20070C39A /* UIKit.framework in Frameworks */ = {isa = PBXBuildFile; fileRef = 6003F591195388D20070C39A /* UIKit.framework */; };
		6003F5BA195388D20070C39A /* InfoPlist.strings in Resources */ = {isa = PBXBuildFile; fileRef = 6003F5B8195388D20070C39A /* InfoPlist.strings */; };
		6003F5BC195388D20070C39A /* Tests.m in Sources */ = {isa = PBXBuildFile; fileRef = 6003F5BB195388D20070C39A /* Tests.m */; };
		71719F9F1E33DC2100824A3D /* LaunchScreen.storyboard in Resources */ = {isa = PBXBuildFile; fileRef = 71719F9D1E33DC2100824A3D /* LaunchScreen.storyboard */; };
		79A9321423F92665008D8E40 /* NSArray+SwiftExtension.m in Sources */ = {isa = PBXBuildFile; fileRef = 79A9320523F92664008D8E40 /* NSArray+SwiftExtension.m */; };
		79A9321523F92665008D8E40 /* UIView+Frame.m in Sources */ = {isa = PBXBuildFile; fileRef = 79A9320823F92664008D8E40 /* UIView+Frame.m */; };
		79A9321623F92665008D8E40 /* .gitkeep in Resources */ = {isa = PBXBuildFile; fileRef = 79A9320923F92664008D8E40 /* .gitkeep */; };
		79A9321723F92665008D8E40 /* ZLJBaseCategory.m in Sources */ = {isa = PBXBuildFile; fileRef = 79A9320A23F92664008D8E40 /* ZLJBaseCategory.m */; };
		79A9321823F92665008D8E40 /* NSDictionary+HVExtension.m in Sources */ = {isa = PBXBuildFile; fileRef = 79A9320E23F92664008D8E40 /* NSDictionary+HVExtension.m */; };
		79A9321923F92665008D8E40 /* NSMutableArray+ZLJSwiftExtension.m in Sources */ = {isa = PBXBuildFile; fileRef = 79A9320F23F92664008D8E40 /* NSMutableArray+ZLJSwiftExtension.m */; };
		79A9321A23F92665008D8E40 /* NSString+HVExtension.m in Sources */ = {isa = PBXBuildFile; fileRef = 79A9321223F92664008D8E40 /* NSString+HVExtension.m */; };
		79A9321B23F92665008D8E40 /* UIButton+ZLJExpandTouch.m in Sources */ = {isa = PBXBuildFile; fileRef = 79A9321323F92664008D8E40 /* UIButton+ZLJExpandTouch.m */; };
		79A9323A23FA6019008D8E40 /* UITextField+ZLJ.m in Sources */ = {isa = PBXBuildFile; fileRef = 79A9323523FA6019008D8E40 /* UITextField+ZLJ.m */; };
		79A9323B23FA6019008D8E40 /* UILabel+ZLJFactory.m in Sources */ = {isa = PBXBuildFile; fileRef = 79A9323623FA6019008D8E40 /* UILabel+ZLJFactory.m */; };
		79A9323C23FA6019008D8E40 /* UIButton+ZLJFactory.m in Sources */ = {isa = PBXBuildFile; fileRef = 79A9323723FA6019008D8E40 /* UIButton+ZLJFactory.m */; };
		873B8AEB1B1F5CCA007FD442 /* Main.storyboard in Resources */ = {isa = PBXBuildFile; fileRef = 873B8AEA1B1F5CCA007FD442 /* Main.storyboard */; };
		DC6B43C8192E55FCFA9883EA /* Pods_ZuJianHuaTest2_Tests.framework in Frameworks */ = {isa = PBXBuildFile; fileRef = 4A6EEEF79A89AAEA533600B7 /* Pods_ZuJianHuaTest2_Tests.framework */; };
/* End PBXBuildFile section */

/* Begin PBXContainerItemProxy section */
		6003F5B3195388D20070C39A /* PBXContainerItemProxy */ = {
			isa = PBXContainerItemProxy;
			containerPortal = 6003F582195388D10070C39A /* Project object */;
			proxyType = 1;
			remoteGlobalIDString = 6003F589195388D20070C39A;
			remoteInfo = ZuJianHuaTest2;
		};
/* End PBXContainerItemProxy section */

/* Begin PBXFileReference section */
		0AC75A8A1813B7BA637F0337 /* Pods-ZuJianHuaTest2_Example.release.xcconfig */ = {isa = PBXFileReference; includeInIndex = 1; lastKnownFileType = text.xcconfig; name = "Pods-ZuJianHuaTest2_Example.release.xcconfig"; path = "Target Support Files/Pods-ZuJianHuaTest2_Example/Pods-ZuJianHuaTest2_Example.release.xcconfig"; sourceTree = "<group>"; };
		42D9CE7E4ADB43AB24742AD9 /* Pods-ZuJianHuaTest2_Tests.release.xcconfig */ = {isa = PBXFileReference; includeInIndex = 1; lastKnownFileType = text.xcconfig; name = "Pods-ZuJianHuaTest2_Tests.release.xcconfig"; path = "Target Support Files/Pods-ZuJianHuaTest2_Tests/Pods-ZuJianHuaTest2_Tests.release.xcconfig"; sourceTree = "<group>"; };
		4A6EEEF79A89AAEA533600B7 /* Pods_ZuJianHuaTest2_Tests.framework */ = {isa = PBXFileReference; explicitFileType = wrapper.framework; includeInIndex = 0; path = Pods_ZuJianHuaTest2_Tests.framework; sourceTree = BUILT_PRODUCTS_DIR; };
		5C5A4A2055F05F4E6F004DEF /* Pods_ZuJianHuaTest2_Example.framework */ = {isa = PBXFileReference; explicitFileType = wrapper.framework; includeInIndex = 0; path = Pods_ZuJianHuaTest2_Example.framework; sourceTree = BUILT_PRODUCTS_DIR; };
		6003F58A195388D20070C39A /* ZuJianHuaTest2_Example.app */ = {isa = PBXFileReference; explicitFileType = wrapper.application; includeInIndex = 0; path = ZuJianHuaTest2_Example.app; sourceTree = BUILT_PRODUCTS_DIR; };
		6003F58D195388D20070C39A /* Foundation.framework */ = {isa = PBXFileReference; lastKnownFileType = wrapper.framework; name = Foundation.framework; path = System/Library/Frameworks/Foundation.framework; sourceTree = SDKROOT; };
		6003F58F195388D20070C39A /* CoreGraphics.framework */ = {isa = PBXFileReference; lastKnownFileType = wrapper.framework; name = CoreGraphics.framework; path = System/Library/Frameworks/CoreGraphics.framework; sourceTree = SDKROOT; };
		6003F591195388D20070C39A /* UIKit.framework */ = {isa = PBXFileReference; lastKnownFileType = wrapper.framework; name = UIKit.framework; path = System/Library/Frameworks/UIKit.framework; sourceTree = SDKROOT; };
		6003F595195388D20070C39A /* ZuJianHuaTest2-Info.plist */ = {isa = PBXFileReference; lastKnownFileType = text.plist.xml; path = "ZuJianHuaTest2-Info.plist"; sourceTree = "<group>"; };
		6003F597195388D20070C39A /* en */ = {isa = PBXFileReference; lastKnownFileType = text.plist.strings; name = en; path = en.lproj/InfoPlist.strings; sourceTree = "<group>"; };
		6003F599195388D20070C39A /* main.m */ = {isa = PBXFileReference; lastKnownFileType = sourcecode.c.objc; path = main.m; sourceTree = "<group>"; };
		6003F59B195388D20070C39A /* ZuJianHuaTest2-Prefix.pch */ = {isa = PBXFileReference; lastKnownFileType = sourcecode.c.h; path = "ZuJianHuaTest2-Prefix.pch"; sourceTree = "<group>"; };
		6003F59C195388D20070C39A /* ZLJAppDelegate.h */ = {isa = PBXFileReference; lastKnownFileType = sourcecode.c.h; path = ZLJAppDelegate.h; sourceTree = "<group>"; };
		6003F59D195388D20070C39A /* ZLJAppDelegate.m */ = {isa = PBXFileReference; lastKnownFileType = sourcecode.c.objc; path = ZLJAppDelegate.m; sourceTree = "<group>"; };
		6003F5A5195388D20070C39A /* ZLJViewController.h */ = {isa = PBXFileReference; lastKnownFileType = sourcecode.c.h; path = ZLJViewController.h; sourceTree = "<group>"; };
		6003F5A6195388D20070C39A /* ZLJViewController.m */ = {isa = PBXFileReference; lastKnownFileType = sourcecode.c.objc; path = ZLJViewController.m; sourceTree = "<group>"; };
		6003F5A8195388D20070C39A /* Images.xcassets */ = {isa = PBXFileReference; lastKnownFileType = folder.assetcatalog; path = Images.xcassets; sourceTree = "<group>"; };
		6003F5AE195388D20070C39A /* ZuJianHuaTest2_Tests.xctest */ = {isa = PBXFileReference; explicitFileType = wrapper.cfbundle; includeInIndex = 0; path = ZuJianHuaTest2_Tests.xctest; sourceTree = BUILT_PRODUCTS_DIR; };
		6003F5AF195388D20070C39A /* XCTest.framework */ = {isa = PBXFileReference; lastKnownFileType = wrapper.framework; name = XCTest.framework; path = Library/Frameworks/XCTest.framework; sourceTree = DEVELOPER_DIR; };
		6003F5B7195388D20070C39A /* Tests-Info.plist */ = {isa = PBXFileReference; lastKnownFileType = text.plist.xml; path = "Tests-Info.plist"; sourceTree = "<group>"; };
		6003F5B9195388D20070C39A /* en */ = {isa = PBXFileReference; lastKnownFileType = text.plist.strings; name = en; path = en.lproj/InfoPlist.strings; sourceTree = "<group>"; };
		6003F5BB195388D20070C39A /* Tests.m */ = {isa = PBXFileReference; lastKnownFileType = sourcecode.c.objc; path = Tests.m; sourceTree = "<group>"; };
		606FC2411953D9B200FFA9A0 /* Tests-Prefix.pch */ = {isa = PBXFileReference; lastKnownFileType = sourcecode.c.h; path = "Tests-Prefix.pch"; sourceTree = "<group>"; };
		64DBB38CB29C76490C7B76A8 /* LICENSE */ = {isa = PBXFileReference; includeInIndex = 1; lastKnownFileType = text; name = LICENSE; path = ../LICENSE; sourceTree = "<group>"; };
		71719F9E1E33DC2100824A3D /* Base */ = {isa = PBXFileReference; lastKnownFileType = file.storyboard; name = Base; path = Base.lproj/LaunchScreen.storyboard; sourceTree = "<group>"; };
		79A9320523F92664008D8E40 /* NSArray+SwiftExtension.m */ = {isa = PBXFileReference; fileEncoding = 4; lastKnownFileType = sourcecode.c.objc; path = "NSArray+SwiftExtension.m"; sourceTree = "<group>"; };
		79A9320623F92664008D8E40 /* NSMutableArray+ZLJSwiftExtension.h */ = {isa = PBXFileReference; fileEncoding = 4; lastKnownFileType = sourcecode.c.h; path = "NSMutableArray+ZLJSwiftExtension.h"; sourceTree = "<group>"; };
		79A9320723F92664008D8E40 /* NSDictionary+HVExtension.h */ = {isa = PBXFileReference; fileEncoding = 4; lastKnownFileType = sourcecode.c.h; path = "NSDictionary+HVExtension.h"; sourceTree = "<group>"; };
		79A9320823F92664008D8E40 /* UIView+Frame.m */ = {isa = PBXFileReference; fileEncoding = 4; lastKnownFileType = sourcecode.c.objc; path = "UIView+Frame.m"; sourceTree = "<group>"; };
		79A9320923F92664008D8E40 /* .gitkeep */ = {isa = PBXFileReference; fileEncoding = 4; lastKnownFileType = text; path = .gitkeep; sourceTree = "<group>"; };
		79A9320A23F92664008D8E40 /* ZLJBaseCategory.m */ = {isa = PBXFileReference; fileEncoding = 4; lastKnownFileType = sourcecode.c.objc; path = ZLJBaseCategory.m; sourceTree = "<group>"; };
		79A9320B23F92664008D8E40 /* NSString+HVExtension.h */ = {isa = PBXFileReference; fileEncoding = 4; lastKnownFileType = sourcecode.c.h; path = "NSString+HVExtension.h"; sourceTree = "<group>"; };
		79A9320C23F92664008D8E40 /* UIButton+ZLJExpandTouch.h */ = {isa = PBXFileReference; fileEncoding = 4; lastKnownFileType = sourcecode.c.h; path = "UIButton+ZLJExpandTouch.h"; sourceTree = "<group>"; };
		79A9320D23F92664008D8E40 /* NSArray+SwiftExtension.h */ = {isa = PBXFileReference; fileEncoding = 4; lastKnownFileType = sourcecode.c.h; path = "NSArray+SwiftExtension.h"; sourceTree = "<group>"; };
		79A9320E23F92664008D8E40 /* NSDictionary+HVExtension.m */ = {isa = PBXFileReference; fileEncoding = 4; lastKnownFileType = sourcecode.c.objc; path = "NSDictionary+HVExtension.m"; sourceTree = "<group>"; };
		79A9320F23F92664008D8E40 /* NSMutableArray+ZLJSwiftExtension.m */ = {isa = PBXFileReference; fileEncoding = 4; lastKnownFileType = sourcecode.c.objc; path = "NSMutableArray+ZLJSwiftExtension.m"; sourceTree = "<group>"; };
		79A9321023F92664008D8E40 /* ZLJBaseCategory.h */ = {isa = PBXFileReference; fileEncoding = 4; lastKnownFileType = sourcecode.c.h; path = ZLJBaseCategory.h; sourceTree = "<group>"; };
		79A9321123F92664008D8E40 /* UIView+Frame.h */ = {isa = PBXFileReference; fileEncoding = 4; lastKnownFileType = sourcecode.c.h; path = "UIView+Frame.h"; sourceTree = "<group>"; };
		79A9321223F92664008D8E40 /* NSString+HVExtension.m */ = {isa = PBXFileReference; fileEncoding = 4; lastKnownFileType = sourcecode.c.objc; path = "NSString+HVExtension.m"; sourceTree = "<group>"; };
		79A9321323F92664008D8E40 /* UIButton+ZLJExpandTouch.m */ = {isa = PBXFileReference; fileEncoding = 4; lastKnownFileType = sourcecode.c.objc; path = "UIButton+ZLJExpandTouch.m"; sourceTree = "<group>"; };
		79A9323423FA6019008D8E40 /* UIButton+ZLJFactory.h */ = {isa = PBXFileReference; fileEncoding = 4; lastKnownFileType = sourcecode.c.h; path = "UIButton+ZLJFactory.h"; sourceTree = "<group>"; };
		79A9323523FA6019008D8E40 /* UITextField+ZLJ.m */ = {isa = PBXFileReference; fileEncoding = 4; lastKnownFileType = sourcecode.c.objc; path = "UITextField+ZLJ.m"; sourceTree = "<group>"; };
		79A9323623FA6019008D8E40 /* UILabel+ZLJFactory.m */ = {isa = PBXFileReference; fileEncoding = 4; lastKnownFileType = sourcecode.c.objc; path = "UILabel+ZLJFactory.m"; sourceTree = "<group>"; };
		79A9323723FA6019008D8E40 /* UIButton+ZLJFactory.m */ = {isa = PBXFileReference; fileEncoding = 4; lastKnownFileType = sourcecode.c.objc; path = "UIButton+ZLJFactory.m"; sourceTree = "<group>"; };
		79A9323823FA6019008D8E40 /* UILabel+ZLJFactory.h */ = {isa = PBXFileReference; fileEncoding = 4; lastKnownFileType = sourcecode.c.h; path = "UILabel+ZLJFactory.h"; sourceTree = "<group>"; };
		79A9323923FA6019008D8E40 /* UITextField+ZLJ.h */ = {isa = PBXFileReference; fileEncoding = 4; lastKnownFileType = sourcecode.c.h; path = "UITextField+ZLJ.h"; sourceTree = "<group>"; };
		873B8AEA1B1F5CCA007FD442 /* Main.storyboard */ = {isa = PBXFileReference; fileEncoding = 4; lastKnownFileType = file.storyboard; name = Main.storyboard; path = Base.lproj/Main.storyboard; sourceTree = "<group>"; };
		9965B3EEC3ABA31A4EDF5066 /* ZuJianHuaTest2.podspec */ = {isa = PBXFileReference; includeInIndex = 1; lastKnownFileType = text; name = ZuJianHuaTest2.podspec; path = ../ZuJianHuaTest2.podspec; sourceTree = "<group>"; xcLanguageSpecificationIdentifier = xcode.lang.ruby; };
		C2734D074C17517D5A1B7EAC /* Pods-ZuJianHuaTest2_Example.debug.xcconfig */ = {isa = PBXFileReference; includeInIndex = 1; lastKnownFileType = text.xcconfig; name = "Pods-ZuJianHuaTest2_Example.debug.xcconfig"; path = "Target Support Files/Pods-ZuJianHuaTest2_Example/Pods-ZuJianHuaTest2_Example.debug.xcconfig"; sourceTree = "<group>"; };
		E53E40E339CA8AF24826A005 /* Pods-ZuJianHuaTest2_Tests.debug.xcconfig */ = {isa = PBXFileReference; includeInIndex = 1; lastKnownFileType = text.xcconfig; name = "Pods-ZuJianHuaTest2_Tests.debug.xcconfig"; path = "Target Support Files/Pods-ZuJianHuaTest2_Tests/Pods-ZuJianHuaTest2_Tests.debug.xcconfig"; sourceTree = "<group>"; };
		E85CDE18EF1C1DFA6F9EA7E8 /* README.md */ = {isa = PBXFileReference; includeInIndex = 1; lastKnownFileType = net.daringfireball.markdown; name = README.md; path = ../README.md; sourceTree = "<group>"; };
/* End PBXFileReference section */

/* Begin PBXFrameworksBuildPhase section */
		6003F587195388D20070C39A /* Frameworks */ = {
			isa = PBXFrameworksBuildPhase;
			buildActionMask = 2147483647;
			files = (
				6003F590195388D20070C39A /* CoreGraphics.framework in Frameworks */,
				6003F592195388D20070C39A /* UIKit.framework in Frameworks */,
				6003F58E195388D20070C39A /* Foundation.framework in Frameworks */,
				20C66A0E9094F29A2C42B0B3 /* Pods_ZuJianHuaTest2_Example.framework in Frameworks */,
			);
			runOnlyForDeploymentPostprocessing = 0;
		};
		6003F5AB195388D20070C39A /* Frameworks */ = {
			isa = PBXFrameworksBuildPhase;
			buildActionMask = 2147483647;
			files = (
				6003F5B0195388D20070C39A /* XCTest.framework in Frameworks */,
				6003F5B2195388D20070C39A /* UIKit.framework in Frameworks */,
				6003F5B1195388D20070C39A /* Foundation.framework in Frameworks */,
				DC6B43C8192E55FCFA9883EA /* Pods_ZuJianHuaTest2_Tests.framework in Frameworks */,
			);
			runOnlyForDeploymentPostprocessing = 0;
		};
/* End PBXFrameworksBuildPhase section */

/* Begin PBXGroup section */
		6003F581195388D10070C39A = {
			isa = PBXGroup;
			children = (
				60FF7A9C1954A5C5007DD14C /* Podspec Metadata */,
				6003F593195388D20070C39A /* Example for ZuJianHuaTest2 */,
				6003F5B5195388D20070C39A /* Tests */,
				6003F58C195388D20070C39A /* Frameworks */,
				6003F58B195388D20070C39A /* Products */,
				B48EB7E33B52D5610A5CFFAB /* Pods */,
			);
			sourceTree = "<group>";
		};
		6003F58B195388D20070C39A /* Products */ = {
			isa = PBXGroup;
			children = (
				6003F58A195388D20070C39A /* ZuJianHuaTest2_Example.app */,
				6003F5AE195388D20070C39A /* ZuJianHuaTest2_Tests.xctest */,
			);
			name = Products;
			sourceTree = "<group>";
		};
		6003F58C195388D20070C39A /* Frameworks */ = {
			isa = PBXGroup;
			children = (
				6003F58D195388D20070C39A /* Foundation.framework */,
				6003F58F195388D20070C39A /* CoreGraphics.framework */,
				6003F591195388D20070C39A /* UIKit.framework */,
				6003F5AF195388D20070C39A /* XCTest.framework */,
				5C5A4A2055F05F4E6F004DEF /* Pods_ZuJianHuaTest2_Example.framework */,
				4A6EEEF79A89AAEA533600B7 /* Pods_ZuJianHuaTest2_Tests.framework */,
			);
			name = Frameworks;
			sourceTree = "<group>";
		};
		6003F593195388D20070C39A /* Example for ZuJianHuaTest2 */ = {
			isa = PBXGroup;
			children = (
				79A9320423F92664008D8E40 /* Classes */,
				6003F59C195388D20070C39A /* ZLJAppDelegate.h */,
				6003F59D195388D20070C39A /* ZLJAppDelegate.m */,
				873B8AEA1B1F5CCA007FD442 /* Main.storyboard */,
				6003F5A5195388D20070C39A /* ZLJViewController.h */,
				6003F5A6195388D20070C39A /* ZLJViewController.m */,
				71719F9D1E33DC2100824A3D /* LaunchScreen.storyboard */,
				6003F5A8195388D20070C39A /* Images.xcassets */,
				6003F594195388D20070C39A /* Supporting Files */,
			);
			name = "Example for ZuJianHuaTest2";
			path = ZuJianHuaTest2;
			sourceTree = "<group>";
		};
		6003F594195388D20070C39A /* Supporting Files */ = {
			isa = PBXGroup;
			children = (
				6003F595195388D20070C39A /* ZuJianHuaTest2-Info.plist */,
				6003F596195388D20070C39A /* InfoPlist.strings */,
				6003F599195388D20070C39A /* main.m */,
				6003F59B195388D20070C39A /* ZuJianHuaTest2-Prefix.pch */,
			);
			name = "Supporting Files";
			sourceTree = "<group>";
		};
		6003F5B5195388D20070C39A /* Tests */ = {
			isa = PBXGroup;
			children = (
				6003F5BB195388D20070C39A /* Tests.m */,
				6003F5B6195388D20070C39A /* Supporting Files */,
			);
			path = Tests;
			sourceTree = "<group>";
		};
		6003F5B6195388D20070C39A /* Supporting Files */ = {
			isa = PBXGroup;
			children = (
				6003F5B7195388D20070C39A /* Tests-Info.plist */,
				6003F5B8195388D20070C39A /* InfoPlist.strings */,
				606FC2411953D9B200FFA9A0 /* Tests-Prefix.pch */,
			);
			name = "Supporting Files";
			sourceTree = "<group>";
		};
		60FF7A9C1954A5C5007DD14C /* Podspec Metadata */ = {
			isa = PBXGroup;
			children = (
				9965B3EEC3ABA31A4EDF5066 /* ZuJianHuaTest2.podspec */,
				E85CDE18EF1C1DFA6F9EA7E8 /* README.md */,
				64DBB38CB29C76490C7B76A8 /* LICENSE */,
			);
			name = "Podspec Metadata";
			sourceTree = "<group>";
		};
		79A9320423F92664008D8E40 /* Classes */ = {
			isa = PBXGroup;
			children = (
				79A9323323FA6019008D8E40 /* Factory */,
				79A9320923F92664008D8E40 /* .gitkeep */,
				79A9321023F92664008D8E40 /* ZLJBaseCategory.h */,
				79A9320A23F92664008D8E40 /* ZLJBaseCategory.m */,
				79A9320D23F92664008D8E40 /* NSArray+SwiftExtension.h */,
				79A9320523F92664008D8E40 /* NSArray+SwiftExtension.m */,
				79A9320723F92664008D8E40 /* NSDictionary+HVExtension.h */,
				79A9320E23F92664008D8E40 /* NSDictionary+HVExtension.m */,
				79A9320623F92664008D8E40 /* NSMutableArray+ZLJSwiftExtension.h */,
				79A9320F23F92664008D8E40 /* NSMutableArray+ZLJSwiftExtension.m */,
				79A9320B23F92664008D8E40 /* NSString+HVExtension.h */,
				79A9321223F92664008D8E40 /* NSString+HVExtension.m */,
				79A9320C23F92664008D8E40 /* UIButton+ZLJExpandTouch.h */,
				79A9321323F92664008D8E40 /* UIButton+ZLJExpandTouch.m */,
				79A9321123F92664008D8E40 /* UIView+Frame.h */,
				79A9320823F92664008D8E40 /* UIView+Frame.m */,
			);
			name = Classes;
			path = ../../ZuJianHuaTest2/Classes;
			sourceTree = "<group>";
		};
		79A9323323FA6019008D8E40 /* Factory */ = {
			isa = PBXGroup;
			children = (
				79A9323423FA6019008D8E40 /* UIButton+ZLJFactory.h */,
				79A9323523FA6019008D8E40 /* UITextField+ZLJ.m */,
				79A9323623FA6019008D8E40 /* UILabel+ZLJFactory.m */,
				79A9323723FA6019008D8E40 /* UIButton+ZLJFactory.m */,
				79A9323823FA6019008D8E40 /* UILabel+ZLJFactory.h */,
				79A9323923FA6019008D8E40 /* UITextField+ZLJ.h */,
			);
			path = Factory;
			sourceTree = "<group>";
		};
		B48EB7E33B52D5610A5CFFAB /* Pods */ = {
			isa = PBXGroup;
			children = (
				C2734D074C17517D5A1B7EAC /* Pods-ZuJianHuaTest2_Example.debug.xcconfig */,
				0AC75A8A1813B7BA637F0337 /* Pods-ZuJianHuaTest2_Example.release.xcconfig */,
				E53E40E339CA8AF24826A005 /* Pods-ZuJianHuaTest2_Tests.debug.xcconfig */,
				42D9CE7E4ADB43AB24742AD9 /* Pods-ZuJianHuaTest2_Tests.release.xcconfig */,
			);
			path = Pods;
			sourceTree = "<group>";
		};
/* End PBXGroup section */

/* Begin PBXNativeTarget section */
		6003F589195388D20070C39A /* ZuJianHuaTest2_Example */ = {
			isa = PBXNativeTarget;
			buildConfigurationList = 6003F5BF195388D20070C39A /* Build configuration list for PBXNativeTarget "ZuJianHuaTest2_Example" */;
			buildPhases = (
				229A7376AAB0CDD6B53A6DAC /* [CP] Check Pods Manifest.lock */,
				6003F586195388D20070C39A /* Sources */,
				6003F587195388D20070C39A /* Frameworks */,
				6003F588195388D20070C39A /* Resources */,
				30C3D94D114022F117AA6CAF /* [CP] Embed Pods Frameworks */,
			);
			buildRules = (
			);
			dependencies = (
			);
			name = ZuJianHuaTest2_Example;
			productName = ZuJianHuaTest2;
			productReference = 6003F58A195388D20070C39A /* ZuJianHuaTest2_Example.app */;
			productType = "com.apple.product-type.application";
		};
		6003F5AD195388D20070C39A /* ZuJianHuaTest2_Tests */ = {
			isa = PBXNativeTarget;
			buildConfigurationList = 6003F5C2195388D20070C39A /* Build configuration list for PBXNativeTarget "ZuJianHuaTest2_Tests" */;
			buildPhases = (
				F1B38BE9CBA36FD48F56FC36 /* [CP] Check Pods Manifest.lock */,
				6003F5AA195388D20070C39A /* Sources */,
				6003F5AB195388D20070C39A /* Frameworks */,
				6003F5AC195388D20070C39A /* Resources */,
			);
			buildRules = (
			);
			dependencies = (
				6003F5B4195388D20070C39A /* PBXTargetDependency */,
			);
			name = ZuJianHuaTest2_Tests;
			productName = ZuJianHuaTest2Tests;
			productReference = 6003F5AE195388D20070C39A /* ZuJianHuaTest2_Tests.xctest */;
			productType = "com.apple.product-type.bundle.unit-test";
		};
/* End PBXNativeTarget section */

/* Begin PBXProject section */
		6003F582195388D10070C39A /* Project object */ = {
			isa = PBXProject;
			attributes = {
				CLASSPREFIX = ZLJ;
				LastUpgradeCheck = 0720;
				ORGANIZATIONNAME = lq2;
				TargetAttributes = {
					6003F5AD195388D20070C39A = {
						TestTargetID = 6003F589195388D20070C39A;
					};
				};
			};
			buildConfigurationList = 6003F585195388D10070C39A /* Build configuration list for PBXProject "ZuJianHuaTest2" */;
			compatibilityVersion = "Xcode 3.2";
			developmentRegion = English;
			hasScannedForEncodings = 0;
			knownRegions = (
				English,
				en,
				Base,
			);
			mainGroup = 6003F581195388D10070C39A;
			productRefGroup = 6003F58B195388D20070C39A /* Products */;
			projectDirPath = "";
			projectRoot = "";
			targets = (
				6003F589195388D20070C39A /* ZuJianHuaTest2_Example */,
				6003F5AD195388D20070C39A /* ZuJianHuaTest2_Tests */,
			);
		};
/* End PBXProject section */

/* Begin PBXResourcesBuildPhase section */
		6003F588195388D20070C39A /* Resources */ = {
			isa = PBXResourcesBuildPhase;
			buildActionMask = 2147483647;
			files = (
				873B8AEB1B1F5CCA007FD442 /* Main.storyboard in Resources */,
				71719F9F1E33DC2100824A3D /* LaunchScreen.storyboard in Resources */,
				79A9321623F92665008D8E40 /* .gitkeep in Resources */,
				6003F5A9195388D20070C39A /* Images.xcassets in Resources */,
				6003F598195388D20070C39A /* InfoPlist.strings in Resources */,
			);
			runOnlyForDeploymentPostprocessing = 0;
		};
		6003F5AC195388D20070C39A /* Resources */ = {
			isa = PBXResourcesBuildPhase;
			buildActionMask = 2147483647;
			files = (
				6003F5BA195388D20070C39A /* InfoPlist.strings in Resources */,
			);
			runOnlyForDeploymentPostprocessing = 0;
		};
/* End PBXResourcesBuildPhase section */

/* Begin PBXShellScriptBuildPhase section */
		229A7376AAB0CDD6B53A6DAC /* [CP] Check Pods Manifest.lock */ = {
			isa = PBXShellScriptBuildPhase;
			buildActionMask = 2147483647;
			files = (
			);
			inputFileListPaths = (
			);
			inputPaths = (
				"${PODS_PODFILE_DIR_PATH}/Podfile.lock",
				"${PODS_ROOT}/Manifest.lock",
			);
			name = "[CP] Check Pods Manifest.lock";
			outputFileListPaths = (
			);
			outputPaths = (
				"$(DERIVED_FILE_DIR)/Pods-ZuJianHuaTest2_Example-checkManifestLockResult.txt",
			);
			runOnlyForDeploymentPostprocessing = 0;
			shellPath = /bin/sh;
			shellScript = "diff \"${PODS_PODFILE_DIR_PATH}/Podfile.lock\" \"${PODS_ROOT}/Manifest.lock\" > /dev/null\nif [ $? != 0 ] ; then\n    # print error to STDERR\n    echo \"error: The sandbox is not in sync with the Podfile.lock. Run 'pod install' or update your CocoaPods installation.\" >&2\n    exit 1\nfi\n# This output is used by Xcode 'outputs' to avoid re-running this script phase.\necho \"SUCCESS\" > \"${SCRIPT_OUTPUT_FILE_0}\"\n";
			showEnvVarsInLog = 0;
		};
		30C3D94D114022F117AA6CAF /* [CP] Embed Pods Frameworks */ = {
			isa = PBXShellScriptBuildPhase;
			buildActionMask = 2147483647;
			files = (
			);
			inputPaths = (
				"${PODS_ROOT}/Target Support Files/Pods-ZuJianHuaTest2_Example/Pods-ZuJianHuaTest2_Example-frameworks.sh",
				"${BUILT_PRODUCTS_DIR}/ZuJianHuaTest2/ZuJianHuaTest2.framework",
			);
			name = "[CP] Embed Pods Frameworks";
			outputPaths = (
				"${TARGET_BUILD_DIR}/${FRAMEWORKS_FOLDER_PATH}/ZuJianHuaTest2.framework",
			);
			runOnlyForDeploymentPostprocessing = 0;
			shellPath = /bin/sh;
			shellScript = "\"${PODS_ROOT}/Target Support Files/Pods-ZuJianHuaTest2_Example/Pods-ZuJianHuaTest2_Example-frameworks.sh\"\n";
			showEnvVarsInLog = 0;
		};
		F1B38BE9CBA36FD48F56FC36 /* [CP] Check Pods Manifest.lock */ = {
			isa = PBXShellScriptBuildPhase;
			buildActionMask = 2147483647;
			files = (
			);
			inputFileListPaths = (
			);
			inputPaths = (
				"${PODS_PODFILE_DIR_PATH}/Podfile.lock",
				"${PODS_ROOT}/Manifest.lock",
			);
			name = "[CP] Check Pods Manifest.lock";
			outputFileListPaths = (
			);
			outputPaths = (
				"$(DERIVED_FILE_DIR)/Pods-ZuJianHuaTest2_Tests-checkManifestLockResult.txt",
			);
			runOnlyForDeploymentPostprocessing = 0;
			shellPath = /bin/sh;
			shellScript = "diff \"${PODS_PODFILE_DIR_PATH}/Podfile.lock\" \"${PODS_ROOT}/Manifest.lock\" > /dev/null\nif [ $? != 0 ] ; then\n    # print error to STDERR\n    echo \"error: The sandbox is not in sync with the Podfile.lock. Run 'pod install' or update your CocoaPods installation.\" >&2\n    exit 1\nfi\n# This output is used by Xcode 'outputs' to avoid re-running this script phase.\necho \"SUCCESS\" > \"${SCRIPT_OUTPUT_FILE_0}\"\n";
			showEnvVarsInLog = 0;
		};
/* End PBXShellScriptBuildPhase section */

/* Begin PBXSourcesBuildPhase section */
		6003F586195388D20070C39A /* Sources */ = {
			isa = PBXSourcesBuildPhase;
			buildActionMask = 2147483647;
			files = (
				79A9321423F92665008D8E40 /* NSArray+SwiftExtension.m in Sources */,
				79A9321723F92665008D8E40 /* ZLJBaseCategory.m in Sources */,
				6003F59E195388D20070C39A /* ZLJAppDelegate.m in Sources */,
				79A9323C23FA6019008D8E40 /* UIButton+ZLJFactory.m in Sources */,
				79A9323A23FA6019008D8E40 /* UITextField+ZLJ.m in Sources */,
				6003F5A7195388D20070C39A /* ZLJViewController.m in Sources */,
				79A9321923F92665008D8E40 /* NSMutableArray+ZLJSwiftExtension.m in Sources */,
				79A9321823F92665008D8E40 /* NSDictionary+HVExtension.m in Sources */,
				79A9321523F92665008D8E40 /* UIView+Frame.m in Sources */,
				79A9323B23FA6019008D8E40 /* UILabel+ZLJFactory.m in Sources */,
				79A9321A23F92665008D8E40 /* NSString+HVExtension.m in Sources */,
				79A9321B23F92665008D8E40 /* UIButton+ZLJExpandTouch.m in Sources */,
				6003F59A195388D20070C39A /* main.m in Sources */,
			);
			runOnlyForDeploymentPostprocessing = 0;
		};
		6003F5AA195388D20070C39A /* Sources */ = {
			isa = PBXSourcesBuildPhase;
			buildActionMask = 2147483647;
			files = (
				6003F5BC195388D20070C39A /* Tests.m in Sources */,
			);
			runOnlyForDeploymentPostprocessing = 0;
		};
/* End PBXSourcesBuildPhase section */

/* Begin PBXTargetDependency section */
		6003F5B4195388D20070C39A /* PBXTargetDependency */ = {
			isa = PBXTargetDependency;
			target = 6003F589195388D20070C39A /* ZuJianHuaTest2_Example */;
			targetProxy = 6003F5B3195388D20070C39A /* PBXContainerItemProxy */;
		};
/* End PBXTargetDependency section */

/* Begin PBXVariantGroup section */
		6003F596195388D20070C39A /* InfoPlist.strings */ = {
			isa = PBXVariantGroup;
			children = (
				6003F597195388D20070C39A /* en */,
			);
			name = InfoPlist.strings;
			sourceTree = "<group>";
		};
		6003F5B8195388D20070C39A /* InfoPlist.strings */ = {
			isa = PBXVariantGroup;
			children = (
				6003F5B9195388D20070C39A /* en */,
			);
			name = InfoPlist.strings;
			sourceTree = "<group>";
		};
		71719F9D1E33DC2100824A3D /* LaunchScreen.storyboard */ = {
			isa = PBXVariantGroup;
			children = (
				71719F9E1E33DC2100824A3D /* Base */,
			);
			name = LaunchScreen.storyboard;
			sourceTree = "<group>";
		};
/* End PBXVariantGroup section */

/* Begin XCBuildConfiguration section */
		6003F5BD195388D20070C39A /* Debug */ = {
			isa = XCBuildConfiguration;
			buildSettings = {
				ALWAYS_SEARCH_USER_PATHS = NO;
				CLANG_CXX_LANGUAGE_STANDARD = "gnu++0x";
				CLANG_CXX_LIBRARY = "libc++";
				CLANG_ENABLE_MODULES = YES;
				CLANG_ENABLE_OBJC_ARC = YES;
				CLANG_WARN_BOOL_CONVERSION = YES;
				CLANG_WARN_CONSTANT_CONVERSION = YES;
				CLANG_WARN_DIRECT_OBJC_ISA_USAGE = YES_ERROR;
				CLANG_WARN_EMPTY_BODY = YES;
				CLANG_WARN_ENUM_CONVERSION = YES;
				CLANG_WARN_INT_CONVERSION = YES;
				CLANG_WARN_OBJC_ROOT_CLASS = YES_ERROR;
				CLANG_WARN__DUPLICATE_METHOD_MATCH = YES;
				"CODE_SIGN_IDENTITY[sdk=iphoneos*]" = "iPhone Developer";
				COPY_PHASE_STRIP = NO;
				ENABLE_TESTABILITY = YES;
				GCC_C_LANGUAGE_STANDARD = gnu99;
				GCC_DYNAMIC_NO_PIC = NO;
				GCC_OPTIMIZATION_LEVEL = 0;
				GCC_PREPROCESSOR_DEFINITIONS = (
					"DEBUG=1",
					"$(inherited)",
				);
				GCC_SYMBOLS_PRIVATE_EXTERN = NO;
				GCC_WARN_64_TO_32_BIT_CONVERSION = YES;
				GCC_WARN_ABOUT_RETURN_TYPE = YES_ERROR;
				GCC_WARN_UNDECLARED_SELECTOR = YES;
				GCC_WARN_UNINITIALIZED_AUTOS = YES_AGGRESSIVE;
				GCC_WARN_UNUSED_FUNCTION = YES;
				GCC_WARN_UNUSED_VARIABLE = YES;
				IPHONEOS_DEPLOYMENT_TARGET = 9.3;
				ONLY_ACTIVE_ARCH = YES;
				SDKROOT = iphoneos;
				TARGETED_DEVICE_FAMILY = "1,2";
			};
			name = Debug;
		};
		6003F5BE195388D20070C39A /* Release */ = {
			isa = XCBuildConfiguration;
			buildSettings = {
				ALWAYS_SEARCH_USER_PATHS = NO;
				CLANG_CXX_LANGUAGE_STANDARD = "gnu++0x";
				CLANG_CXX_LIBRARY = "libc++";
				CLANG_ENABLE_MODULES = YES;
				CLANG_ENABLE_OBJC_ARC = YES;
				CLANG_WARN_BOOL_CONVERSION = YES;
				CLANG_WARN_CONSTANT_CONVERSION = YES;
				CLANG_WARN_DIRECT_OBJC_ISA_USAGE = YES_ERROR;
				CLANG_WARN_EMPTY_BODY = YES;
				CLANG_WARN_ENUM_CONVERSION = YES;
				CLANG_WARN_INT_CONVERSION = YES;
				CLANG_WARN_OBJC_ROOT_CLASS = YES_ERROR;
				CLANG_WARN__DUPLICATE_METHOD_MATCH = YES;
				"CODE_SIGN_IDENTITY[sdk=iphoneos*]" = "iPhone Developer";
				COPY_PHASE_STRIP = YES;
				ENABLE_NS_ASSERTIONS = NO;
				GCC_C_LANGUAGE_STANDARD = gnu99;
				GCC_WARN_64_TO_32_BIT_CONVERSION = YES;
				GCC_WARN_ABOUT_RETURN_TYPE = YES_ERROR;
				GCC_WARN_UNDECLARED_SELECTOR = YES;
				GCC_WARN_UNINITIALIZED_AUTOS = YES_AGGRESSIVE;
				GCC_WARN_UNUSED_FUNCTION = YES;
				GCC_WARN_UNUSED_VARIABLE = YES;
				IPHONEOS_DEPLOYMENT_TARGET = 9.3;
				SDKROOT = iphoneos;
				TARGETED_DEVICE_FAMILY = "1,2";
				VALIDATE_PRODUCT = YES;
			};
			name = Release;
		};
		6003F5C0195388D20070C39A /* Debug */ = {
			isa = XCBuildConfiguration;
			baseConfigurationReference = C2734D074C17517D5A1B7EAC /* Pods-ZuJianHuaTest2_Example.debug.xcconfig */;
			buildSettings = {
				ASSETCATALOG_COMPILER_APPICON_NAME = AppIcon;
				GCC_PRECOMPILE_PREFIX_HEADER = YES;
				GCC_PREFIX_HEADER = "ZuJianHuaTest2/ZuJianHuaTest2-Prefix.pch";
				INFOPLIST_FILE = "ZuJianHuaTest2/ZuJianHuaTest2-Info.plist";
				MODULE_NAME = ExampleApp;
				PRODUCT_BUNDLE_IDENTIFIER = "org.cocoapods.demo.${PRODUCT_NAME:rfc1034identifier}";
				PRODUCT_NAME = "$(TARGET_NAME)";
				SWIFT_VERSION = 4.0;
				WRAPPER_EXTENSION = app;
			};
			name = Debug;
		};
		6003F5C1195388D20070C39A /* Release */ = {
			isa = XCBuildConfiguration;
			baseConfigurationReference = 0AC75A8A1813B7BA637F0337 /* Pods-ZuJianHuaTest2_Example.release.xcconfig */;
			buildSettings = {
				ASSETCATALOG_COMPILER_APPICON_NAME = AppIcon;
				GCC_PRECOMPILE_PREFIX_HEADER = YES;
				GCC_PREFIX_HEADER = "ZuJianHuaTest2/ZuJianHuaTest2-Prefix.pch";
				INFOPLIST_FILE = "ZuJianHuaTest2/ZuJianHuaTest2-Info.plist";
				MODULE_NAME = ExampleApp;
				PRODUCT_BUNDLE_IDENTIFIER = "org.cocoapods.demo.${PRODUCT_NAME:rfc1034identifier}";
				PRODUCT_NAME = "$(TARGET_NAME)";
				SWIFT_VERSION = 4.0;
				WRAPPER_EXTENSION = app;
			};
			name = Release;
		};
		6003F5C3195388D20070C39A /* Debug */ = {
			isa = XCBuildConfiguration;
			baseConfigurationReference = E53E40E339CA8AF24826A005 /* Pods-ZuJianHuaTest2_Tests.debug.xcconfig */;
			buildSettings = {
				BUNDLE_LOADER = "$(TEST_HOST)";
				FRAMEWORK_SEARCH_PATHS = (
					"$(PLATFORM_DIR)/Developer/Library/Frameworks",
					"$(inherited)",
					"$(DEVELOPER_FRAMEWORKS_DIR)",
				);
				GCC_PRECOMPILE_PREFIX_HEADER = YES;
				GCC_PREFIX_HEADER = "Tests/Tests-Prefix.pch";
				GCC_PREPROCESSOR_DEFINITIONS = (
					"DEBUG=1",
					"$(inherited)",
				);
				INFOPLIST_FILE = "Tests/Tests-Info.plist";
				PRODUCT_BUNDLE_IDENTIFIER = "org.cocoapods.demo.${PRODUCT_NAME:rfc1034identifier}";
				PRODUCT_NAME = "$(TARGET_NAME)";
				SWIFT_VERSION = 4.0;
				TEST_HOST = "$(BUILT_PRODUCTS_DIR)/ZuJianHuaTest2_Example.app/ZuJianHuaTest2_Example";
				WRAPPER_EXTENSION = xctest;
			};
			name = Debug;
		};
		6003F5C4195388D20070C39A /* Release */ = {
			isa = XCBuildConfiguration;
			baseConfigurationReference = 42D9CE7E4ADB43AB24742AD9 /* Pods-ZuJianHuaTest2_Tests.release.xcconfig */;
			buildSettings = {
				BUNDLE_LOADER = "$(TEST_HOST)";
				FRAMEWORK_SEARCH_PATHS = (
					"$(PLATFORM_DIR)/Developer/Library/Frameworks",
					"$(inherited)",
					"$(DEVELOPER_FRAMEWORKS_DIR)",
				);
				GCC_PRECOMPILE_PREFIX_HEADER = YES;
				GCC_PREFIX_HEADER = "Tests/Tests-Prefix.pch";
				INFOPLIST_FILE = "Tests/Tests-Info.plist";
				PRODUCT_BUNDLE_IDENTIFIER = "org.cocoapods.demo.${PRODUCT_NAME:rfc1034identifier}";
				PRODUCT_NAME = "$(TARGET_NAME)";
				SWIFT_VERSION = 4.0;
				TEST_HOST = "$(BUILT_PRODUCTS_DIR)/ZuJianHuaTest2_Example.app/ZuJianHuaTest2_Example";
				WRAPPER_EXTENSION = xctest;
			};
			name = Release;
		};
/* End XCBuildConfiguration section */

/* Begin XCConfigurationList section */
		6003F585195388D10070C39A /* Build configuration list for PBXProject "ZuJianHuaTest2" */ = {
			isa = XCConfigurationList;
			buildConfigurations = (
				6003F5BD195388D20070C39A /* Debug */,
				6003F5BE195388D20070C39A /* Release */,
			);
			defaultConfigurationIsVisible = 0;
			defaultConfigurationName = Release;
		};
		6003F5BF195388D20070C39A /* Build configuration list for PBXNativeTarget "ZuJianHuaTest2_Example" */ = {
			isa = XCConfigurationList;
			buildConfigurations = (
				6003F5C0195388D20070C39A /* Debug */,
				6003F5C1195388D20070C39A /* Release */,
			);
			defaultConfigurationIsVisible = 0;
			defaultConfigurationName = Release;
		};
		6003F5C2195388D20070C39A /* Build configuration list for PBXNativeTarget "ZuJianHuaTest2_Tests" */ = {
			isa = XCConfigurationList;
			buildConfigurations = (
				6003F5C3195388D20070C39A /* Debug */,
				6003F5C4195388D20070C39A /* Release */,
			);
			defaultConfigurationIsVisible = 0;
			defaultConfigurationName = Release;
		};
/* End XCConfigurationList section */
	};
	rootObject = 6003F582195388D10070C39A /* Project object */;
}
